// !$*UTF8*$!
{
	archiveVersion = 1;
	classes = {
	};
	objectVersion = 48;
	objects = {

/* Begin PBXBuildFile section */
		11D47A2E208C3A1300F2BC57 /* rlsLogo.png in Resources */ = {isa = PBXBuildFile; fileRef = 11D47A2D208C3A1300F2BC57 /* rlsLogo.png */; };
		414BDA64208CABFF0018DD94 /* MapView.swift in Sources */ = {isa = PBXBuildFile; fileRef = 414BDA63208CABFF0018DD94 /* MapView.swift */; };
		414BDA66208CBCCC0018DD94 /* redDot.jpg in Resources */ = {isa = PBXBuildFile; fileRef = 414BDA65208CBCCC0018DD94 /* redDot.jpg */; };
		414BDA6C208CBF780018DD94 /* NicknameTF.swift in Sources */ = {isa = PBXBuildFile; fileRef = 414BDA6B208CBF780018DD94 /* NicknameTF.swift */; };
		414BDA6E208CC19E0018DD94 /* NicknameLabel.swift in Sources */ = {isa = PBXBuildFile; fileRef = 414BDA6D208CC19E0018DD94 /* NicknameLabel.swift */; };
		414BDA70208CC9C20018DD94 /* GameIDTF.swift in Sources */ = {isa = PBXBuildFile; fileRef = 414BDA6F208CC9C20018DD94 /* GameIDTF.swift */; };
		414BDA74208CE61D0018DD94 /* EnterButton.swift in Sources */ = {isa = PBXBuildFile; fileRef = 414BDA73208CE61D0018DD94 /* EnterButton.swift */; };
		8E2227E1208BDAFB000018E2 /* AppDelegate.swift in Sources */ = {isa = PBXBuildFile; fileRef = 8E2227E0208BDAFB000018E2 /* AppDelegate.swift */; };
		8E2227E3208BDAFB000018E2 /* ViewController.swift in Sources */ = {isa = PBXBuildFile; fileRef = 8E2227E2208BDAFB000018E2 /* ViewController.swift */; };
		8E2227E6208BDAFB000018E2 /* Main.storyboard in Resources */ = {isa = PBXBuildFile; fileRef = 8E2227E4208BDAFB000018E2 /* Main.storyboard */; };
		8E2227E8208BDAFB000018E2 /* Assets.xcassets in Resources */ = {isa = PBXBuildFile; fileRef = 8E2227E7208BDAFB000018E2 /* Assets.xcassets */; };
		8E2227EB208BDAFB000018E2 /* LaunchScreen.storyboard in Resources */ = {isa = PBXBuildFile; fileRef = 8E2227E9208BDAFB000018E2 /* LaunchScreen.storyboard */; };
		8E2227F6208BDAFB000018E2 /* GameMapTests.swift in Sources */ = {isa = PBXBuildFile; fileRef = 8E2227F5208BDAFB000018E2 /* GameMapTests.swift */; };
		8E222801208BDAFB000018E2 /* GameMapUITests.swift in Sources */ = {isa = PBXBuildFile; fileRef = 8E222800208BDAFB000018E2 /* GameMapUITests.swift */; };
/* End PBXBuildFile section */

/* Begin PBXContainerItemProxy section */
		8E2227F2208BDAFB000018E2 /* PBXContainerItemProxy */ = {
			isa = PBXContainerItemProxy;
			containerPortal = 8E2227D5208BDAFB000018E2 /* Project object */;
			proxyType = 1;
			remoteGlobalIDString = 8E2227DC208BDAFB000018E2;
			remoteInfo = GameMap;
		};
		8E2227FD208BDAFB000018E2 /* PBXContainerItemProxy */ = {
			isa = PBXContainerItemProxy;
			containerPortal = 8E2227D5208BDAFB000018E2 /* Project object */;
			proxyType = 1;
			remoteGlobalIDString = 8E2227DC208BDAFB000018E2;
			remoteInfo = GameMap;
		};
/* End PBXContainerItemProxy section */

/* Begin PBXFileReference section */
		11D47A2D208C3A1300F2BC57 /* rlsLogo.png */ = {isa = PBXFileReference; lastKnownFileType = image.png; path = rlsLogo.png; sourceTree = "<group>"; };
		414BDA63208CABFF0018DD94 /* MapView.swift */ = {isa = PBXFileReference; lastKnownFileType = sourcecode.swift; path = MapView.swift; sourceTree = "<group>"; };
		414BDA65208CBCCC0018DD94 /* redDot.jpg */ = {isa = PBXFileReference; lastKnownFileType = image.jpeg; path = redDot.jpg; sourceTree = "<group>"; };
		414BDA67208CBF2E0018DD94 /* GameMap-Bridging-Header.h */ = {isa = PBXFileReference; lastKnownFileType = sourcecode.c.h; path = "GameMap-Bridging-Header.h"; sourceTree = "<group>"; };
		414BDA6B208CBF780018DD94 /* NicknameTF.swift */ = {isa = PBXFileReference; lastKnownFileType = sourcecode.swift; path = NicknameTF.swift; sourceTree = "<group>"; };
		414BDA6D208CC19E0018DD94 /* NicknameLabel.swift */ = {isa = PBXFileReference; lastKnownFileType = sourcecode.swift; path = NicknameLabel.swift; sourceTree = "<group>"; };
		414BDA6F208CC9C20018DD94 /* GameIDTF.swift */ = {isa = PBXFileReference; lastKnownFileType = sourcecode.swift; path = GameIDTF.swift; sourceTree = "<group>"; };
		414BDA73208CE61D0018DD94 /* EnterButton.swift */ = {isa = PBXFileReference; lastKnownFileType = sourcecode.swift; path = EnterButton.swift; sourceTree = "<group>"; };
		8E2227DD208BDAFB000018E2 /* GameMap.app */ = {isa = PBXFileReference; explicitFileType = wrapper.application; includeInIndex = 0; path = GameMap.app; sourceTree = BUILT_PRODUCTS_DIR; };
		8E2227E0208BDAFB000018E2 /* AppDelegate.swift */ = {isa = PBXFileReference; lastKnownFileType = sourcecode.swift; path = AppDelegate.swift; sourceTree = "<group>"; };
		8E2227E2208BDAFB000018E2 /* ViewController.swift */ = {isa = PBXFileReference; lastKnownFileType = sourcecode.swift; path = ViewController.swift; sourceTree = "<group>"; };
		8E2227E5208BDAFB000018E2 /* Base */ = {isa = PBXFileReference; lastKnownFileType = file.storyboard; name = Base; path = Base.lproj/Main.storyboard; sourceTree = "<group>"; };
		8E2227E7208BDAFB000018E2 /* Assets.xcassets */ = {isa = PBXFileReference; lastKnownFileType = folder.assetcatalog; path = Assets.xcassets; sourceTree = "<group>"; };
		8E2227EA208BDAFB000018E2 /* Base */ = {isa = PBXFileReference; lastKnownFileType = file.storyboard; name = Base; path = Base.lproj/LaunchScreen.storyboard; sourceTree = "<group>"; };
		8E2227EC208BDAFB000018E2 /* Info.plist */ = {isa = PBXFileReference; lastKnownFileType = text.plist.xml; path = Info.plist; sourceTree = "<group>"; };
		8E2227F1208BDAFB000018E2 /* GameMapTests.xctest */ = {isa = PBXFileReference; explicitFileType = wrapper.cfbundle; includeInIndex = 0; path = GameMapTests.xctest; sourceTree = BUILT_PRODUCTS_DIR; };
		8E2227F5208BDAFB000018E2 /* GameMapTests.swift */ = {isa = PBXFileReference; lastKnownFileType = sourcecode.swift; path = GameMapTests.swift; sourceTree = "<group>"; };
		8E2227F7208BDAFB000018E2 /* Info.plist */ = {isa = PBXFileReference; lastKnownFileType = text.plist.xml; path = Info.plist; sourceTree = "<group>"; };
		8E2227FC208BDAFB000018E2 /* GameMapUITests.xctest */ = {isa = PBXFileReference; explicitFileType = wrapper.cfbundle; includeInIndex = 0; path = GameMapUITests.xctest; sourceTree = BUILT_PRODUCTS_DIR; };
		8E222800208BDAFB000018E2 /* GameMapUITests.swift */ = {isa = PBXFileReference; lastKnownFileType = sourcecode.swift; path = GameMapUITests.swift; sourceTree = "<group>"; };
		8E222802208BDAFB000018E2 /* Info.plist */ = {isa = PBXFileReference; lastKnownFileType = text.plist.xml; path = Info.plist; sourceTree = "<group>"; };
/* End PBXFileReference section */

/* Begin PBXFrameworksBuildPhase section */
		8E2227DA208BDAFB000018E2 /* Frameworks */ = {
			isa = PBXFrameworksBuildPhase;
			buildActionMask = 2147483647;
			files = (
			);
			runOnlyForDeploymentPostprocessing = 0;
		};
		8E2227EE208BDAFB000018E2 /* Frameworks */ = {
			isa = PBXFrameworksBuildPhase;
			buildActionMask = 2147483647;
			files = (
			);
			runOnlyForDeploymentPostprocessing = 0;
		};
		8E2227F9208BDAFB000018E2 /* Frameworks */ = {
			isa = PBXFrameworksBuildPhase;
			buildActionMask = 2147483647;
			files = (
			);
			runOnlyForDeploymentPostprocessing = 0;
		};
/* End PBXFrameworksBuildPhase section */

/* Begin PBXGroup section */
		8E2227D4208BDAFB000018E2 = {
			isa = PBXGroup;
			children = (
				8E2227DF208BDAFB000018E2 /* GameMap */,
				8E2227F4208BDAFB000018E2 /* GameMapTests */,
				8E2227FF208BDAFB000018E2 /* GameMapUITests */,
				8E2227DE208BDAFB000018E2 /* Products */,
			);
			sourceTree = "<group>";
		};
		8E2227DE208BDAFB000018E2 /* Products */ = {
			isa = PBXGroup;
			children = (
				8E2227DD208BDAFB000018E2 /* GameMap.app */,
				8E2227F1208BDAFB000018E2 /* GameMapTests.xctest */,
				8E2227FC208BDAFB000018E2 /* GameMapUITests.xctest */,
			);
			name = Products;
			sourceTree = "<group>";
		};
		8E2227DF208BDAFB000018E2 /* GameMap */ = {
			isa = PBXGroup;
			children = (
				8E2227E0208BDAFB000018E2 /* AppDelegate.swift */,
				8E2227E2208BDAFB000018E2 /* ViewController.swift */,
				8E2227E4208BDAFB000018E2 /* Main.storyboard */,
				414BDA6D208CC19E0018DD94 /* NicknameLabel.swift */,
				414BDA6B208CBF780018DD94 /* NicknameTF.swift */,
				414BDA6F208CC9C20018DD94 /* GameIDTF.swift */,
				11D47A2D208C3A1300F2BC57 /* rlsLogo.png */,
				414BDA65208CBCCC0018DD94 /* redDot.jpg */,
				8E2227E7208BDAFB000018E2 /* Assets.xcassets */,
				8E2227E9208BDAFB000018E2 /* LaunchScreen.storyboard */,
				8E2227EC208BDAFB000018E2 /* Info.plist */,
				414BDA63208CABFF0018DD94 /* MapView.swift */,
				414BDA67208CBF2E0018DD94 /* GameMap-Bridging-Header.h */,
				414BDA73208CE61D0018DD94 /* EnterButton.swift */,
			);
			path = GameMap;
			sourceTree = "<group>";
		};
		8E2227F4208BDAFB000018E2 /* GameMapTests */ = {
			isa = PBXGroup;
			children = (
				8E2227F5208BDAFB000018E2 /* GameMapTests.swift */,
				8E2227F7208BDAFB000018E2 /* Info.plist */,
			);
			path = GameMapTests;
			sourceTree = "<group>";
		};
		8E2227FF208BDAFB000018E2 /* GameMapUITests */ = {
			isa = PBXGroup;
			children = (
				8E222800208BDAFB000018E2 /* GameMapUITests.swift */,
				8E222802208BDAFB000018E2 /* Info.plist */,
			);
			path = GameMapUITests;
			sourceTree = "<group>";
		};
/* End PBXGroup section */

/* Begin PBXNativeTarget section */
		8E2227DC208BDAFB000018E2 /* GameMap */ = {
			isa = PBXNativeTarget;
			buildConfigurationList = 8E222805208BDAFB000018E2 /* Build configuration list for PBXNativeTarget "GameMap" */;
			buildPhases = (
				8E2227D9208BDAFB000018E2 /* Sources */,
				8E2227DA208BDAFB000018E2 /* Frameworks */,
				8E2227DB208BDAFB000018E2 /* Resources */,
			);
			buildRules = (
			);
			dependencies = (
			);
			name = GameMap;
			productName = GameMap;
			productReference = 8E2227DD208BDAFB000018E2 /* GameMap.app */;
			productType = "com.apple.product-type.application";
		};
		8E2227F0208BDAFB000018E2 /* GameMapTests */ = {
			isa = PBXNativeTarget;
			buildConfigurationList = 8E222808208BDAFB000018E2 /* Build configuration list for PBXNativeTarget "GameMapTests" */;
			buildPhases = (
				8E2227ED208BDAFB000018E2 /* Sources */,
				8E2227EE208BDAFB000018E2 /* Frameworks */,
				8E2227EF208BDAFB000018E2 /* Resources */,
			);
			buildRules = (
			);
			dependencies = (
				8E2227F3208BDAFB000018E2 /* PBXTargetDependency */,
			);
			name = GameMapTests;
			productName = GameMapTests;
			productReference = 8E2227F1208BDAFB000018E2 /* GameMapTests.xctest */;
			productType = "com.apple.product-type.bundle.unit-test";
		};
		8E2227FB208BDAFB000018E2 /* GameMapUITests */ = {
			isa = PBXNativeTarget;
			buildConfigurationList = 8E22280B208BDAFB000018E2 /* Build configuration list for PBXNativeTarget "GameMapUITests" */;
			buildPhases = (
				8E2227F8208BDAFB000018E2 /* Sources */,
				8E2227F9208BDAFB000018E2 /* Frameworks */,
				8E2227FA208BDAFB000018E2 /* Resources */,
			);
			buildRules = (
			);
			dependencies = (
				8E2227FE208BDAFB000018E2 /* PBXTargetDependency */,
			);
			name = GameMapUITests;
			productName = GameMapUITests;
			productReference = 8E2227FC208BDAFB000018E2 /* GameMapUITests.xctest */;
			productType = "com.apple.product-type.bundle.ui-testing";
		};
/* End PBXNativeTarget section */

/* Begin PBXProject section */
		8E2227D5208BDAFB000018E2 /* Project object */ = {
			isa = PBXProject;
			attributes = {
				LastSwiftUpdateCheck = 0920;
				LastUpgradeCheck = 0920;
				ORGANIZATIONNAME = "Hackathon Event";
				TargetAttributes = {
					8E2227DC208BDAFB000018E2 = {
						CreatedOnToolsVersion = 9.2;
						LastSwiftMigration = 0930;
						ProvisioningStyle = Automatic;
					};
					8E2227F0208BDAFB000018E2 = {
						CreatedOnToolsVersion = 9.2;
						ProvisioningStyle = Automatic;
						TestTargetID = 8E2227DC208BDAFB000018E2;
					};
					8E2227FB208BDAFB000018E2 = {
						CreatedOnToolsVersion = 9.2;
						ProvisioningStyle = Automatic;
						TestTargetID = 8E2227DC208BDAFB000018E2;
					};
				};
			};
			buildConfigurationList = 8E2227D8208BDAFB000018E2 /* Build configuration list for PBXProject "GameMap" */;
			compatibilityVersion = "Xcode 8.0";
			developmentRegion = en;
			hasScannedForEncodings = 0;
			knownRegions = (
				en,
				Base,
			);
			mainGroup = 8E2227D4208BDAFB000018E2;
			productRefGroup = 8E2227DE208BDAFB000018E2 /* Products */;
			projectDirPath = "";
			projectRoot = "";
			targets = (
				8E2227DC208BDAFB000018E2 /* GameMap */,
				8E2227F0208BDAFB000018E2 /* GameMapTests */,
				8E2227FB208BDAFB000018E2 /* GameMapUITests */,
			);
		};
/* End PBXProject section */

/* Begin PBXResourcesBuildPhase section */
		8E2227DB208BDAFB000018E2 /* Resources */ = {
			isa = PBXResourcesBuildPhase;
			buildActionMask = 2147483647;
			files = (
				414BDA66208CBCCC0018DD94 /* redDot.jpg in Resources */,
				11D47A2E208C3A1300F2BC57 /* rlsLogo.png in Resources */,
				8E2227EB208BDAFB000018E2 /* LaunchScreen.storyboard in Resources */,
				8E2227E8208BDAFB000018E2 /* Assets.xcassets in Resources */,
				8E2227E6208BDAFB000018E2 /* Main.storyboard in Resources */,
			);
			runOnlyForDeploymentPostprocessing = 0;
		};
		8E2227EF208BDAFB000018E2 /* Resources */ = {
			isa = PBXResourcesBuildPhase;
			buildActionMask = 2147483647;
			files = (
			);
			runOnlyForDeploymentPostprocessing = 0;
		};
		8E2227FA208BDAFB000018E2 /* Resources */ = {
			isa = PBXResourcesBuildPhase;
			buildActionMask = 2147483647;
			files = (
			);
			runOnlyForDeploymentPostprocessing = 0;
		};
/* End PBXResourcesBuildPhase section */

/* Begin PBXSourcesBuildPhase section */
		8E2227D9208BDAFB000018E2 /* Sources */ = {
			isa = PBXSourcesBuildPhase;
			buildActionMask = 2147483647;
			files = (
				8E2227E3208BDAFB000018E2 /* ViewController.swift in Sources */,
				414BDA64208CABFF0018DD94 /* MapView.swift in Sources */,
				414BDA70208CC9C20018DD94 /* GameIDTF.swift in Sources */,
				414BDA6E208CC19E0018DD94 /* NicknameLabel.swift in Sources */,
				8E2227E1208BDAFB000018E2 /* AppDelegate.swift in Sources */,
				414BDA74208CE61D0018DD94 /* EnterButton.swift in Sources */,
				414BDA6C208CBF780018DD94 /* NicknameTF.swift in Sources */,
			);
			runOnlyForDeploymentPostprocessing = 0;
		};
		8E2227ED208BDAFB000018E2 /* Sources */ = {
			isa = PBXSourcesBuildPhase;
			buildActionMask = 2147483647;
			files = (
				8E2227F6208BDAFB000018E2 /* GameMapTests.swift in Sources */,
			);
			runOnlyForDeploymentPostprocessing = 0;
		};
		8E2227F8208BDAFB000018E2 /* Sources */ = {
			isa = PBXSourcesBuildPhase;
			buildActionMask = 2147483647;
			files = (
				8E222801208BDAFB000018E2 /* GameMapUITests.swift in Sources */,
			);
			runOnlyForDeploymentPostprocessing = 0;
		};
/* End PBXSourcesBuildPhase section */

/* Begin PBXTargetDependency section */
		8E2227F3208BDAFB000018E2 /* PBXTargetDependency */ = {
			isa = PBXTargetDependency;
			target = 8E2227DC208BDAFB000018E2 /* GameMap */;
			targetProxy = 8E2227F2208BDAFB000018E2 /* PBXContainerItemProxy */;
		};
		8E2227FE208BDAFB000018E2 /* PBXTargetDependency */ = {
			isa = PBXTargetDependency;
			target = 8E2227DC208BDAFB000018E2 /* GameMap */;
			targetProxy = 8E2227FD208BDAFB000018E2 /* PBXContainerItemProxy */;
		};
/* End PBXTargetDependency section */

/* Begin PBXVariantGroup section */
		8E2227E4208BDAFB000018E2 /* Main.storyboard */ = {
			isa = PBXVariantGroup;
			children = (
				8E2227E5208BDAFB000018E2 /* Base */,
			);
			name = Main.storyboard;
			sourceTree = "<group>";
		};
		8E2227E9208BDAFB000018E2 /* LaunchScreen.storyboard */ = {
			isa = PBXVariantGroup;
			children = (
				8E2227EA208BDAFB000018E2 /* Base */,
			);
			name = LaunchScreen.storyboard;
			sourceTree = "<group>";
		};
/* End PBXVariantGroup section */

/* Begin XCBuildConfiguration section */
		8E222803208BDAFB000018E2 /* Debug */ = {
			isa = XCBuildConfiguration;
			buildSettings = {
				ALWAYS_SEARCH_USER_PATHS = NO;
				CLANG_ANALYZER_NONNULL = YES;
				CLANG_ANALYZER_NUMBER_OBJECT_CONVERSION = YES_AGGRESSIVE;
				CLANG_CXX_LANGUAGE_STANDARD = "gnu++14";
				CLANG_CXX_LIBRARY = "libc++";
				CLANG_ENABLE_MODULES = YES;
				CLANG_ENABLE_OBJC_ARC = YES;
				CLANG_WARN_BLOCK_CAPTURE_AUTORELEASING = YES;
				CLANG_WARN_BOOL_CONVERSION = YES;
				CLANG_WARN_COMMA = YES;
				CLANG_WARN_CONSTANT_CONVERSION = YES;
				CLANG_WARN_DIRECT_OBJC_ISA_USAGE = YES_ERROR;
				CLANG_WARN_DOCUMENTATION_COMMENTS = YES;
				CLANG_WARN_EMPTY_BODY = YES;
				CLANG_WARN_ENUM_CONVERSION = YES;
				CLANG_WARN_INFINITE_RECURSION = YES;
				CLANG_WARN_INT_CONVERSION = YES;
				CLANG_WARN_NON_LITERAL_NULL_CONVERSION = YES;
				CLANG_WARN_OBJC_LITERAL_CONVERSION = YES;
				CLANG_WARN_OBJC_ROOT_CLASS = YES_ERROR;
				CLANG_WARN_RANGE_LOOP_ANALYSIS = YES;
				CLANG_WARN_STRICT_PROTOTYPES = YES;
				CLANG_WARN_SUSPICIOUS_MOVE = YES;
				CLANG_WARN_UNGUARDED_AVAILABILITY = YES_AGGRESSIVE;
				CLANG_WARN_UNREACHABLE_CODE = YES;
				CLANG_WARN__DUPLICATE_METHOD_MATCH = YES;
				CODE_SIGN_IDENTITY = "iPhone Developer";
				COPY_PHASE_STRIP = NO;
				DEBUG_INFORMATION_FORMAT = dwarf;
				ENABLE_STRICT_OBJC_MSGSEND = YES;
				ENABLE_TESTABILITY = YES;
				GCC_C_LANGUAGE_STANDARD = gnu11;
				GCC_DYNAMIC_NO_PIC = NO;
				GCC_NO_COMMON_BLOCKS = YES;
				GCC_OPTIMIZATION_LEVEL = 0;
				GCC_PREPROCESSOR_DEFINITIONS = (
					"DEBUG=1",
					"$(inherited)",
				);
				GCC_WARN_64_TO_32_BIT_CONVERSION = YES;
				GCC_WARN_ABOUT_RETURN_TYPE = YES_ERROR;
				GCC_WARN_UNDECLARED_SELECTOR = YES;
				GCC_WARN_UNINITIALIZED_AUTOS = YES_AGGRESSIVE;
				GCC_WARN_UNUSED_FUNCTION = YES;
				GCC_WARN_UNUSED_VARIABLE = YES;
				IPHONEOS_DEPLOYMENT_TARGET = 11.2;
				MTL_ENABLE_DEBUG_INFO = YES;
				ONLY_ACTIVE_ARCH = YES;
				SDKROOT = iphoneos;
				SWIFT_ACTIVE_COMPILATION_CONDITIONS = DEBUG;
				SWIFT_OPTIMIZATION_LEVEL = "-Onone";
			};
			name = Debug;
		};
		8E222804208BDAFB000018E2 /* Release */ = {
			isa = XCBuildConfiguration;
			buildSettings = {
				ALWAYS_SEARCH_USER_PATHS = NO;
				CLANG_ANALYZER_NONNULL = YES;
				CLANG_ANALYZER_NUMBER_OBJECT_CONVERSION = YES_AGGRESSIVE;
				CLANG_CXX_LANGUAGE_STANDARD = "gnu++14";
				CLANG_CXX_LIBRARY = "libc++";
				CLANG_ENABLE_MODULES = YES;
				CLANG_ENABLE_OBJC_ARC = YES;
				CLANG_WARN_BLOCK_CAPTURE_AUTORELEASING = YES;
				CLANG_WARN_BOOL_CONVERSION = YES;
				CLANG_WARN_COMMA = YES;
				CLANG_WARN_CONSTANT_CONVERSION = YES;
				CLANG_WARN_DIRECT_OBJC_ISA_USAGE = YES_ERROR;
				CLANG_WARN_DOCUMENTATION_COMMENTS = YES;
				CLANG_WARN_EMPTY_BODY = YES;
				CLANG_WARN_ENUM_CONVERSION = YES;
				CLANG_WARN_INFINITE_RECURSION = YES;
				CLANG_WARN_INT_CONVERSION = YES;
				CLANG_WARN_NON_LITERAL_NULL_CONVERSION = YES;
				CLANG_WARN_OBJC_LITERAL_CONVERSION = YES;
				CLANG_WARN_OBJC_ROOT_CLASS = YES_ERROR;
				CLANG_WARN_RANGE_LOOP_ANALYSIS = YES;
				CLANG_WARN_STRICT_PROTOTYPES = YES;
				CLANG_WARN_SUSPICIOUS_MOVE = YES;
				CLANG_WARN_UNGUARDED_AVAILABILITY = YES_AGGRESSIVE;
				CLANG_WARN_UNREACHABLE_CODE = YES;
				CLANG_WARN__DUPLICATE_METHOD_MATCH = YES;
				CODE_SIGN_IDENTITY = "iPhone Developer";
				COPY_PHASE_STRIP = NO;
				DEBUG_INFORMATION_FORMAT = "dwarf-with-dsym";
				ENABLE_NS_ASSERTIONS = NO;
				ENABLE_STRICT_OBJC_MSGSEND = YES;
				GCC_C_LANGUAGE_STANDARD = gnu11;
				GCC_NO_COMMON_BLOCKS = YES;
				GCC_WARN_64_TO_32_BIT_CONVERSION = YES;
				GCC_WARN_ABOUT_RETURN_TYPE = YES_ERROR;
				GCC_WARN_UNDECLARED_SELECTOR = YES;
				GCC_WARN_UNINITIALIZED_AUTOS = YES_AGGRESSIVE;
				GCC_WARN_UNUSED_FUNCTION = YES;
				GCC_WARN_UNUSED_VARIABLE = YES;
				IPHONEOS_DEPLOYMENT_TARGET = 11.2;
				MTL_ENABLE_DEBUG_INFO = NO;
				SDKROOT = iphoneos;
				SWIFT_OPTIMIZATION_LEVEL = "-Owholemodule";
				VALIDATE_PRODUCT = YES;
			};
			name = Release;
		};
		8E222806208BDAFB000018E2 /* Debug */ = {
			isa = XCBuildConfiguration;
			buildSettings = {
				ASSETCATALOG_COMPILER_APPICON_NAME = AppIcon;
				CLANG_ENABLE_MODULES = YES;
				CODE_SIGN_STYLE = Automatic;
				DEVELOPMENT_TEAM = C4DN838DRQ;
				INFOPLIST_FILE = GameMap/Info.plist;
				LD_RUNPATH_SEARCH_PATHS = "$(inherited) @executable_path/Frameworks";
				PRODUCT_BUNDLE_IDENTIFIER = "-2.GameMap";
				PRODUCT_NAME = "$(TARGET_NAME)";
				SWIFT_OBJC_BRIDGING_HEADER = "GameMap/GameMap-Bridging-Header.h";
				SWIFT_OPTIMIZATION_LEVEL = "-Onone";
				SWIFT_VERSION = 4.0;
				TARGETED_DEVICE_FAMILY = "1,2";
			};
			name = Debug;
		};
		8E222807208BDAFB000018E2 /* Release */ = {
			isa = XCBuildConfiguration;
			buildSettings = {
				ASSETCATALOG_COMPILER_APPICON_NAME = AppIcon;
				CLANG_ENABLE_MODULES = YES;
				CODE_SIGN_STYLE = Automatic;
				DEVELOPMENT_TEAM = C4DN838DRQ;
				INFOPLIST_FILE = GameMap/Info.plist;
				LD_RUNPATH_SEARCH_PATHS = "$(inherited) @executable_path/Frameworks";
				PRODUCT_BUNDLE_IDENTIFIER = "-2.GameMap";
				PRODUCT_NAME = "$(TARGET_NAME)";
				SWIFT_OBJC_BRIDGING_HEADER = "GameMap/GameMap-Bridging-Header.h";
				SWIFT_VERSION = 4.0;
				TARGETED_DEVICE_FAMILY = "1,2";
			};
			name = Release;
		};
		8E222809208BDAFB000018E2 /* Debug */ = {
			isa = XCBuildConfiguration;
			buildSettings = {
				ALWAYS_EMBED_SWIFT_STANDARD_LIBRARIES = YES;
				BUNDLE_LOADER = "$(TEST_HOST)";
				CODE_SIGN_STYLE = Automatic;
				INFOPLIST_FILE = GameMapTests/Info.plist;
				LD_RUNPATH_SEARCH_PATHS = "$(inherited) @executable_path/Frameworks @loader_path/Frameworks";
				PRODUCT_BUNDLE_IDENTIFIER = "-2.GameMapTests";
				PRODUCT_NAME = "$(TARGET_NAME)";
				SWIFT_VERSION = 4.0;
				TARGETED_DEVICE_FAMILY = "1,2";
				TEST_HOST = "$(BUILT_PRODUCTS_DIR)/GameMap.app/GameMap";
			};
			name = Debug;
		};
		8E22280A208BDAFB000018E2 /* Release */ = {
			isa = XCBuildConfiguration;
			buildSettings = {
				ALWAYS_EMBED_SWIFT_STANDARD_LIBRARIES = YES;
				BUNDLE_LOADER = "$(TEST_HOST)";
				CODE_SIGN_STYLE = Automatic;
				INFOPLIST_FILE = GameMapTests/Info.plist;
				LD_RUNPATH_SEARCH_PATHS = "$(inherited) @executable_path/Frameworks @loader_path/Frameworks";
				PRODUCT_BUNDLE_IDENTIFIER = "-2.GameMapTests";
				PRODUCT_NAME = "$(TARGET_NAME)";
				SWIFT_VERSION = 4.0;
				TARGETED_DEVICE_FAMILY = "1,2";
				TEST_HOST = "$(BUILT_PRODUCTS_DIR)/GameMap.app/GameMap";
			};
			name = Release;
		};
		8E22280C208BDAFB000018E2 /* Debug */ = {
			isa = XCBuildConfiguration;
			buildSettings = {
				ALWAYS_EMBED_SWIFT_STANDARD_LIBRARIES = YES;
				CODE_SIGN_STYLE = Automatic;
				INFOPLIST_FILE = GameMapUITests/Info.plist;
				LD_RUNPATH_SEARCH_PATHS = "$(inherited) @executable_path/Frameworks @loader_path/Frameworks";
				PRODUCT_BUNDLE_IDENTIFIER = "-2.GameMapUITests";
				PRODUCT_NAME = "$(TARGET_NAME)";
				SWIFT_VERSION = 4.0;
				TARGETED_DEVICE_FAMILY = "1,2";
				TEST_TARGET_NAME = GameMap;
			};
			name = Debug;
		};
		8E22280D208BDAFB000018E2 /* Release */ = {
			isa = XCBuildConfiguration;
			buildSettings = {
				ALWAYS_EMBED_SWIFT_STANDARD_LIBRARIES = YES;
				CODE_SIGN_STYLE = Automatic;
				INFOPLIST_FILE = GameMapUITests/Info.plist;
				LD_RUNPATH_SEARCH_PATHS = "$(inherited) @executable_path/Frameworks @loader_path/Frameworks";
				PRODUCT_BUNDLE_IDENTIFIER = "-2.GameMapUITests";
				PRODUCT_NAME = "$(TARGET_NAME)";
				SWIFT_VERSION = 4.0;
				TARGETED_DEVICE_FAMILY = "1,2";
				TEST_TARGET_NAME = GameMap;
			};
			name = Release;
		};
/* End XCBuildConfiguration section */

/* Begin XCConfigurationList section */
		8E2227D8208BDAFB000018E2 /* Build configuration list for PBXProject "GameMap" */ = {
			isa = XCConfigurationList;
			buildConfigurations = (
				8E222803208BDAFB000018E2 /* Debug */,
				8E222804208BDAFB000018E2 /* Release */,
			);
			defaultConfigurationIsVisible = 0;
			defaultConfigurationName = Release;
		};
		8E222805208BDAFB000018E2 /* Build configuration list for PBXNativeTarget "GameMap" */ = {
			isa = XCConfigurationList;
			buildConfigurations = (
				8E222806208BDAFB000018E2 /* Debug */,
				8E222807208BDAFB000018E2 /* Release */,
			);
			defaultConfigurationIsVisible = 0;
			defaultConfigurationName = Release;
		};
		8E222808208BDAFB000018E2 /* Build configuration list for PBXNativeTarget "GameMapTests" */ = {
			isa = XCConfigurationList;
			buildConfigurations = (
				8E222809208BDAFB000018E2 /* Debug */,
				8E22280A208BDAFB000018E2 /* Release */,
			);
			defaultConfigurationIsVisible = 0;
			defaultConfigurationName = Release;
		};
		8E22280B208BDAFB000018E2 /* Build configuration list for PBXNativeTarget "GameMapUITests" */ = {
			isa = XCConfigurationList;
			buildConfigurations = (
				8E22280C208BDAFB000018E2 /* Debug */,
				8E22280D208BDAFB000018E2 /* Release */,
			);
			defaultConfigurationIsVisible = 0;
			defaultConfigurationName = Release;
		};
/* End XCConfigurationList section */
	};
	rootObject = 8E2227D5208BDAFB000018E2 /* Project object */;
}
