// !$*UTF8*$!
{
	archiveVersion = 1;
	classes = {
	};
	objectVersion = 51;
	objects = {

/* Begin PBXBuildFile section */
		1911425C6CCA30A01546F241 /* Pods_RLSUITests.framework in Frameworks */ = {isa = PBXBuildFile; fileRef = EA1E1B67838E847E6AAD68CE /* Pods_RLSUITests.framework */; };
		417F570D2112BB3000CE6E4A /* PlayerListView.swift in Sources */ = {isa = PBXBuildFile; fileRef = 417F570C2112BB3000CE6E4A /* PlayerListView.swift */; };
		41867B74228B8D0300B504EE /* ControlPoint.swift in Sources */ = {isa = PBXBuildFile; fileRef = 41867B73228B8D0300B504EE /* ControlPoint.swift */; };
		418C134D20F1B89A00AE16C5 /* AppDelegate.swift in Sources */ = {isa = PBXBuildFile; fileRef = 418C134C20F1B89A00AE16C5 /* AppDelegate.swift */; };
		418C134F20F1B89A00AE16C5 /* StartView.swift in Sources */ = {isa = PBXBuildFile; fileRef = 418C134E20F1B89A00AE16C5 /* StartView.swift */; };
		418C135220F1B89A00AE16C5 /* Main.storyboard in Resources */ = {isa = PBXBuildFile; fileRef = 418C135020F1B89A00AE16C5 /* Main.storyboard */; settings = {ASSET_TAGS = (MapButton, ); }; };
		418C135720F1B89B00AE16C5 /* LaunchScreen.storyboard in Resources */ = {isa = PBXBuildFile; fileRef = 418C135520F1B89B00AE16C5 /* LaunchScreen.storyboard */; };
		418C136220F1B89B00AE16C5 /* RLSTests.swift in Sources */ = {isa = PBXBuildFile; fileRef = 418C136120F1B89B00AE16C5 /* RLSTests.swift */; };
		418C136D20F1B89B00AE16C5 /* RLSUITests.swift in Sources */ = {isa = PBXBuildFile; fileRef = 418C136C20F1B89B00AE16C5 /* RLSUITests.swift */; };
		418C137F20F1B9A800AE16C5 /* NicknameTFView.swift in Sources */ = {isa = PBXBuildFile; fileRef = 418C137E20F1B9A800AE16C5 /* NicknameTFView.swift */; };
		418C138120F1B9C900AE16C5 /* GameIDTF.swift in Sources */ = {isa = PBXBuildFile; fileRef = 418C138020F1B9C900AE16C5 /* GameIDTF.swift */; };
		418C138320F1BA0E00AE16C5 /* MapViewController.swift in Sources */ = {isa = PBXBuildFile; fileRef = 418C138220F1BA0E00AE16C5 /* MapViewController.swift */; };
		418C138520F1BA2C00AE16C5 /* EnterButton.swift in Sources */ = {isa = PBXBuildFile; fileRef = 418C138420F1BA2C00AE16C5 /* EnterButton.swift */; };
		418C138720F1BA7D00AE16C5 /* Player.swift in Sources */ = {isa = PBXBuildFile; fileRef = 418C138620F1BA7D00AE16C5 /* Player.swift */; };
		41AEAFFC21129BCF00DF6AE5 /* Podfile in Resources */ = {isa = PBXBuildFile; fileRef = 41AEAFF921129BCD00DF6AE5 /* Podfile */; };
		41AEAFFD21129BCF00DF6AE5 /* Podfile.lock in Resources */ = {isa = PBXBuildFile; fileRef = 41AEAFFA21129BCD00DF6AE5 /* Podfile.lock */; };
		41AEB0002112AEDF00DF6AE5 /* HostGameIDView.swift in Sources */ = {isa = PBXBuildFile; fileRef = 41AEAFFF2112AEDF00DF6AE5 /* HostGameIDView.swift */; };
		41AEB0022112B3B800DF6AE5 /* HostOrJoinViewController.swift in Sources */ = {isa = PBXBuildFile; fileRef = 41AEB0012112B3B800DF6AE5 /* HostOrJoinViewController.swift */; };
		41B3E04E20F59C8B00E7D232 /* Assets.xcassets in Resources */ = {isa = PBXBuildFile; fileRef = 41B3E04D20F59C8B00E7D232 /* Assets.xcassets */; };
		560815A2AB5B280C3B0D1552 /* Pods_RLS.framework in Frameworks */ = {isa = PBXBuildFile; fileRef = BDB0D880FB5B1DA32DC93FE6 /* Pods_RLS.framework */; };
		7D172FC5228353B400DBEB59 /* PlayerDistanceUtil.swift in Sources */ = {isa = PBXBuildFile; fileRef = 7D172FC4228353B400DBEB59 /* PlayerDistanceUtil.swift */; };
		9EB423F711536779065E3150 /* Pods_RLSTests.framework in Frameworks */ = {isa = PBXBuildFile; fileRef = 4CD8C69DED8F8FB32199A875 /* Pods_RLSTests.framework */; };
		C456D02C22933A97005599AF /* GoogleService-Info.plist in Resources */ = {isa = PBXBuildFile; fileRef = C456D02B22933A97005599AF /* GoogleService-Info.plist */; };
		C456D02D22933A97005599AF /* GoogleService-Info.plist in Resources */ = {isa = PBXBuildFile; fileRef = C456D02B22933A97005599AF /* GoogleService-Info.plist */; };
		C456D02E22933A97005599AF /* GoogleService-Info.plist in Resources */ = {isa = PBXBuildFile; fileRef = C456D02B22933A97005599AF /* GoogleService-Info.plist */; };
		C45B61A82295EB5200E4DDEB /* FirebaseCore.framework in Frameworks */ = {isa = PBXBuildFile; fileRef = C45B61A72295EB5200E4DDEB /* FirebaseCore.framework */; };
		C45B61AA2295EB5200E4DDEB /* FirebaseDatabase.framework in Frameworks */ = {isa = PBXBuildFile; fileRef = C45B61A92295EB5200E4DDEB /* FirebaseDatabase.framework */; };
		C45B61AC2295EB5200E4DDEB /* FirebaseInstanceID.framework in Frameworks */ = {isa = PBXBuildFile; fileRef = C45B61AB2295EB5200E4DDEB /* FirebaseInstanceID.framework */; };
		C45B61AE2295EB5200E4DDEB /* nanopb.framework in Frameworks */ = {isa = PBXBuildFile; fileRef = C45B61AD2295EB5200E4DDEB /* nanopb.framework */; };
		C45B61B02295FDAC00E4DDEB /* FirebaseFirestore.framework in Frameworks */ = {isa = PBXBuildFile; fileRef = C45B61AF2295FDAC00E4DDEB /* FirebaseFirestore.framework */; };
		C45D3C8F228F44A6002589E3 /* RespawnPoint.swift in Sources */ = {isa = PBXBuildFile; fileRef = C45D3C8E228F44A6002589E3 /* RespawnPoint.swift */; };
		C4A8BE5222FA933900FA2A92 /* BorderOverlay.swift in Sources */ = {isa = PBXBuildFile; fileRef = C4A8BE5122FA933900FA2A92 /* BorderOverlay.swift */; };
		C4B06AA622A58C7F00421613 /* Networking.swift in Sources */ = {isa = PBXBuildFile; fileRef = C4B06AA522A58C7F00421613 /* Networking.swift */; };
		C4C2B3042288C3E600A7D844 /* Ping.swift in Sources */ = {isa = PBXBuildFile; fileRef = C4C2B3032288C3E600A7D844 /* Ping.swift */; };
		C4EEC859227E9A910088CB32 /* Ward.swift in Sources */ = {isa = PBXBuildFile; fileRef = C4EEC858227E9A910088CB32 /* Ward.swift */; };
		EB19B1B022985D1900764485 /* ColorCircleOverlay.swift in Sources */ = {isa = PBXBuildFile; fileRef = EB19B1AF22985D1900764485 /* ColorCircleOverlay.swift */; };
/* End PBXBuildFile section */

/* Begin PBXContainerItemProxy section */
		418C135E20F1B89B00AE16C5 /* PBXContainerItemProxy */ = {
			isa = PBXContainerItemProxy;
			containerPortal = 418C134120F1B89A00AE16C5 /* Project object */;
			proxyType = 1;
			remoteGlobalIDString = 418C134820F1B89A00AE16C5;
			remoteInfo = RLS;
		};
		418C136920F1B89B00AE16C5 /* PBXContainerItemProxy */ = {
			isa = PBXContainerItemProxy;
			containerPortal = 418C134120F1B89A00AE16C5 /* Project object */;
			proxyType = 1;
			remoteGlobalIDString = 418C134820F1B89A00AE16C5;
			remoteInfo = RLS;
		};
/* End PBXContainerItemProxy section */

/* Begin PBXFileReference section */
		0BF4B5F19F6E53416261CE16 /* Pods-RLSTests.debug.xcconfig */ = {isa = PBXFileReference; includeInIndex = 1; lastKnownFileType = text.xcconfig; name = "Pods-RLSTests.debug.xcconfig"; path = "Pods/Target Support Files/Pods-RLSTests/Pods-RLSTests.debug.xcconfig"; sourceTree = "<group>"; };
		417F570C2112BB3000CE6E4A /* PlayerListView.swift */ = {isa = PBXFileReference; lastKnownFileType = sourcecode.swift; path = PlayerListView.swift; sourceTree = "<group>"; };
		41867B73228B8D0300B504EE /* ControlPoint.swift */ = {isa = PBXFileReference; fileEncoding = 4; lastKnownFileType = sourcecode.swift; path = ControlPoint.swift; sourceTree = "<group>"; };
		418C134920F1B89A00AE16C5 /* RLS.app */ = {isa = PBXFileReference; explicitFileType = wrapper.application; includeInIndex = 0; path = RLS.app; sourceTree = BUILT_PRODUCTS_DIR; };
		418C134C20F1B89A00AE16C5 /* AppDelegate.swift */ = {isa = PBXFileReference; lastKnownFileType = sourcecode.swift; path = AppDelegate.swift; sourceTree = "<group>"; };
		418C134E20F1B89A00AE16C5 /* StartView.swift */ = {isa = PBXFileReference; lastKnownFileType = sourcecode.swift; path = StartView.swift; sourceTree = "<group>"; };
		418C135120F1B89A00AE16C5 /* Base */ = {isa = PBXFileReference; lastKnownFileType = file.storyboard; name = Base; path = Base.lproj/Main.storyboard; sourceTree = "<group>"; };
		418C135620F1B89B00AE16C5 /* Base */ = {isa = PBXFileReference; lastKnownFileType = file.storyboard; name = Base; path = Base.lproj/LaunchScreen.storyboard; sourceTree = "<group>"; };
		418C135820F1B89B00AE16C5 /* Info.plist */ = {isa = PBXFileReference; lastKnownFileType = text.plist.xml; path = Info.plist; sourceTree = "<group>"; };
		418C135D20F1B89B00AE16C5 /* RLSTests.xctest */ = {isa = PBXFileReference; explicitFileType = wrapper.cfbundle; includeInIndex = 0; path = RLSTests.xctest; sourceTree = BUILT_PRODUCTS_DIR; };
		418C136120F1B89B00AE16C5 /* RLSTests.swift */ = {isa = PBXFileReference; lastKnownFileType = sourcecode.swift; path = RLSTests.swift; sourceTree = "<group>"; };
		418C136320F1B89B00AE16C5 /* Info.plist */ = {isa = PBXFileReference; lastKnownFileType = text.plist.xml; path = Info.plist; sourceTree = "<group>"; };
		418C136820F1B89B00AE16C5 /* RLSUITests.xctest */ = {isa = PBXFileReference; explicitFileType = wrapper.cfbundle; includeInIndex = 0; path = RLSUITests.xctest; sourceTree = BUILT_PRODUCTS_DIR; };
		418C136C20F1B89B00AE16C5 /* RLSUITests.swift */ = {isa = PBXFileReference; lastKnownFileType = sourcecode.swift; path = RLSUITests.swift; sourceTree = "<group>"; };
		418C136E20F1B89B00AE16C5 /* Info.plist */ = {isa = PBXFileReference; lastKnownFileType = text.plist.xml; path = Info.plist; sourceTree = "<group>"; };
		418C137E20F1B9A800AE16C5 /* NicknameTFView.swift */ = {isa = PBXFileReference; lastKnownFileType = sourcecode.swift; path = NicknameTFView.swift; sourceTree = "<group>"; };
		418C138020F1B9C900AE16C5 /* GameIDTF.swift */ = {isa = PBXFileReference; lastKnownFileType = sourcecode.swift; path = GameIDTF.swift; sourceTree = "<group>"; };
		418C138220F1BA0E00AE16C5 /* MapViewController.swift */ = {isa = PBXFileReference; lastKnownFileType = sourcecode.swift; path = MapViewController.swift; sourceTree = "<group>"; };
		418C138420F1BA2C00AE16C5 /* EnterButton.swift */ = {isa = PBXFileReference; lastKnownFileType = sourcecode.swift; path = EnterButton.swift; sourceTree = "<group>"; };
		418C138620F1BA7D00AE16C5 /* Player.swift */ = {isa = PBXFileReference; lastKnownFileType = sourcecode.swift; path = Player.swift; sourceTree = "<group>"; };
		41AEAFF921129BCD00DF6AE5 /* Podfile */ = {isa = PBXFileReference; fileEncoding = 4; lastKnownFileType = text; path = Podfile; sourceTree = "<group>"; };
		41AEAFFA21129BCD00DF6AE5 /* Podfile.lock */ = {isa = PBXFileReference; fileEncoding = 4; lastKnownFileType = text; path = Podfile.lock; sourceTree = "<group>"; };
		41AEAFFB21129BCF00DF6AE5 /* Pods */ = {isa = PBXFileReference; lastKnownFileType = folder; path = Pods; sourceTree = "<group>"; };
		41AEAFFF2112AEDF00DF6AE5 /* HostGameIDView.swift */ = {isa = PBXFileReference; lastKnownFileType = sourcecode.swift; name = HostGameIDView.swift; path = RLS/HostGameIDView.swift; sourceTree = SOURCE_ROOT; };
		41AEB0012112B3B800DF6AE5 /* HostOrJoinViewController.swift */ = {isa = PBXFileReference; lastKnownFileType = sourcecode.swift; name = HostOrJoinViewController.swift; path = RLS/HostOrJoinViewController.swift; sourceTree = SOURCE_ROOT; };
		41B3E04D20F59C8B00E7D232 /* Assets.xcassets */ = {isa = PBXFileReference; lastKnownFileType = folder.assetcatalog; path = Assets.xcassets; sourceTree = "<group>"; };
		4B2EA44608C7F3984D0624B7 /* Pods-RLSUITests.debug.xcconfig */ = {isa = PBXFileReference; includeInIndex = 1; lastKnownFileType = text.xcconfig; name = "Pods-RLSUITests.debug.xcconfig"; path = "Pods/Target Support Files/Pods-RLSUITests/Pods-RLSUITests.debug.xcconfig"; sourceTree = "<group>"; };
		4CD8C69DED8F8FB32199A875 /* Pods_RLSTests.framework */ = {isa = PBXFileReference; explicitFileType = wrapper.framework; includeInIndex = 0; path = Pods_RLSTests.framework; sourceTree = BUILT_PRODUCTS_DIR; };
		6FD4B4481C6849C868996249 /* Pods-RLS.release.xcconfig */ = {isa = PBXFileReference; includeInIndex = 1; lastKnownFileType = text.xcconfig; name = "Pods-RLS.release.xcconfig"; path = "Pods/Target Support Files/Pods-RLS/Pods-RLS.release.xcconfig"; sourceTree = "<group>"; };
		7D172FC4228353B400DBEB59 /* PlayerDistanceUtil.swift */ = {isa = PBXFileReference; lastKnownFileType = sourcecode.swift; path = PlayerDistanceUtil.swift; sourceTree = "<group>"; };
		B07169557C838AFFEAD4811A /* Pods-RLSTests.release.xcconfig */ = {isa = PBXFileReference; includeInIndex = 1; lastKnownFileType = text.xcconfig; name = "Pods-RLSTests.release.xcconfig"; path = "Pods/Target Support Files/Pods-RLSTests/Pods-RLSTests.release.xcconfig"; sourceTree = "<group>"; };
		BD20F52C6D6CC9A7A53F9DE7 /* Pods-RLSUITests.release.xcconfig */ = {isa = PBXFileReference; includeInIndex = 1; lastKnownFileType = text.xcconfig; name = "Pods-RLSUITests.release.xcconfig"; path = "Pods/Target Support Files/Pods-RLSUITests/Pods-RLSUITests.release.xcconfig"; sourceTree = "<group>"; };
		BDB0D880FB5B1DA32DC93FE6 /* Pods_RLS.framework */ = {isa = PBXFileReference; explicitFileType = wrapper.framework; includeInIndex = 0; path = Pods_RLS.framework; sourceTree = BUILT_PRODUCTS_DIR; };
		C456D02B22933A97005599AF /* GoogleService-Info.plist */ = {isa = PBXFileReference; fileEncoding = 4; lastKnownFileType = text.plist.xml; path = "GoogleService-Info.plist"; sourceTree = "<group>"; };
		C45B61A52295EA5300E4DDEB /* FirebaseCore.framework */ = {isa = PBXFileReference; explicitFileType = wrapper.framework; path = FirebaseCore.framework; sourceTree = BUILT_PRODUCTS_DIR; };
		C45B61A72295EB5200E4DDEB /* FirebaseCore.framework */ = {isa = PBXFileReference; explicitFileType = wrapper.framework; path = FirebaseCore.framework; sourceTree = BUILT_PRODUCTS_DIR; };
		C45B61A92295EB5200E4DDEB /* FirebaseDatabase.framework */ = {isa = PBXFileReference; explicitFileType = wrapper.framework; path = FirebaseDatabase.framework; sourceTree = BUILT_PRODUCTS_DIR; };
		C45B61AB2295EB5200E4DDEB /* FirebaseInstanceID.framework */ = {isa = PBXFileReference; explicitFileType = wrapper.framework; path = FirebaseInstanceID.framework; sourceTree = BUILT_PRODUCTS_DIR; };
		C45B61AD2295EB5200E4DDEB /* nanopb.framework */ = {isa = PBXFileReference; explicitFileType = wrapper.framework; path = nanopb.framework; sourceTree = BUILT_PRODUCTS_DIR; };
		C45B61AF2295FDAC00E4DDEB /* FirebaseFirestore.framework */ = {isa = PBXFileReference; explicitFileType = wrapper.framework; path = FirebaseFirestore.framework; sourceTree = BUILT_PRODUCTS_DIR; };
		C45D3C8E228F44A6002589E3 /* RespawnPoint.swift */ = {isa = PBXFileReference; lastKnownFileType = sourcecode.swift; path = RespawnPoint.swift; sourceTree = "<group>"; };
		C47377A8229C45D2000AD728 /* RLS.entitlements */ = {isa = PBXFileReference; lastKnownFileType = text.plist.entitlements; path = RLS.entitlements; sourceTree = "<group>"; };
		C4A8BE5122FA933900FA2A92 /* BorderOverlay.swift */ = {isa = PBXFileReference; lastKnownFileType = sourcecode.swift; path = BorderOverlay.swift; sourceTree = "<group>"; };
		C4B06AA522A58C7F00421613 /* Networking.swift */ = {isa = PBXFileReference; lastKnownFileType = sourcecode.swift; path = Networking.swift; sourceTree = "<group>"; };
		C4C2B3032288C3E600A7D844 /* Ping.swift */ = {isa = PBXFileReference; lastKnownFileType = sourcecode.swift; path = Ping.swift; sourceTree = "<group>"; };
		C4EEC858227E9A910088CB32 /* Ward.swift */ = {isa = PBXFileReference; lastKnownFileType = sourcecode.swift; path = Ward.swift; sourceTree = "<group>"; };
		DF770C68C7A54E2277520EA0 /* Pods-RLS.debug.xcconfig */ = {isa = PBXFileReference; includeInIndex = 1; lastKnownFileType = text.xcconfig; name = "Pods-RLS.debug.xcconfig"; path = "Pods/Target Support Files/Pods-RLS/Pods-RLS.debug.xcconfig"; sourceTree = "<group>"; };
		EA1E1B67838E847E6AAD68CE /* Pods_RLSUITests.framework */ = {isa = PBXFileReference; explicitFileType = wrapper.framework; includeInIndex = 0; path = Pods_RLSUITests.framework; sourceTree = BUILT_PRODUCTS_DIR; };
		EB19B1AF22985D1900764485 /* ColorCircleOverlay.swift */ = {isa = PBXFileReference; lastKnownFileType = sourcecode.swift; path = ColorCircleOverlay.swift; sourceTree = "<group>"; };
/* End PBXFileReference section */

/* Begin PBXFrameworksBuildPhase section */
		418C134620F1B89A00AE16C5 /* Frameworks */ = {
			isa = PBXFrameworksBuildPhase;
			buildActionMask = 2147483647;
			files = (
				560815A2AB5B280C3B0D1552 /* Pods_RLS.framework in Frameworks */,
				C45B61B02295FDAC00E4DDEB /* FirebaseFirestore.framework in Frameworks */,
				C45B61A82295EB5200E4DDEB /* FirebaseCore.framework in Frameworks */,
				C45B61AA2295EB5200E4DDEB /* FirebaseDatabase.framework in Frameworks */,
				C45B61AC2295EB5200E4DDEB /* FirebaseInstanceID.framework in Frameworks */,
				C45B61AE2295EB5200E4DDEB /* nanopb.framework in Frameworks */,
			);
			runOnlyForDeploymentPostprocessing = 0;
		};
		418C135A20F1B89B00AE16C5 /* Frameworks */ = {
			isa = PBXFrameworksBuildPhase;
			buildActionMask = 2147483647;
			files = (
				9EB423F711536779065E3150 /* Pods_RLSTests.framework in Frameworks */,
			);
			runOnlyForDeploymentPostprocessing = 0;
		};
		418C136520F1B89B00AE16C5 /* Frameworks */ = {
			isa = PBXFrameworksBuildPhase;
			buildActionMask = 2147483647;
			files = (
				1911425C6CCA30A01546F241 /* Pods_RLSUITests.framework in Frameworks */,
			);
			runOnlyForDeploymentPostprocessing = 0;
		};
/* End PBXFrameworksBuildPhase section */

/* Begin PBXGroup section */
		0CAC0633C29D5135FA534C2A /* Pods */ = {
			isa = PBXGroup;
			children = (
				DF770C68C7A54E2277520EA0 /* Pods-RLS.debug.xcconfig */,
				6FD4B4481C6849C868996249 /* Pods-RLS.release.xcconfig */,
				0BF4B5F19F6E53416261CE16 /* Pods-RLSTests.debug.xcconfig */,
				B07169557C838AFFEAD4811A /* Pods-RLSTests.release.xcconfig */,
				4B2EA44608C7F3984D0624B7 /* Pods-RLSUITests.debug.xcconfig */,
				BD20F52C6D6CC9A7A53F9DE7 /* Pods-RLSUITests.release.xcconfig */,
			);
			name = Pods;
			sourceTree = "<group>";
		};
		418C134020F1B89A00AE16C5 = {
			isa = PBXGroup;
			children = (
				418C134B20F1B89A00AE16C5 /* RLS */,
				418C136020F1B89B00AE16C5 /* RLSTests */,
				418C136B20F1B89B00AE16C5 /* RLSUITests */,
				418C134A20F1B89A00AE16C5 /* Products */,
				0CAC0633C29D5135FA534C2A /* Pods */,
				450A04AD23FBEE98FF87EDCB /* Frameworks */,
			);
			sourceTree = "<group>";
		};
		418C134A20F1B89A00AE16C5 /* Products */ = {
			isa = PBXGroup;
			children = (
				418C134920F1B89A00AE16C5 /* RLS.app */,
				418C135D20F1B89B00AE16C5 /* RLSTests.xctest */,
				418C136820F1B89B00AE16C5 /* RLSUITests.xctest */,
			);
			name = Products;
			sourceTree = "<group>";
		};
		418C134B20F1B89A00AE16C5 /* RLS */ = {
			isa = PBXGroup;
			children = (
				C47377A8229C45D2000AD728 /* RLS.entitlements */,
				418C135020F1B89A00AE16C5 /* Main.storyboard */,
				418C135520F1B89B00AE16C5 /* LaunchScreen.storyboard */,
				C4B06AA522A58C7F00421613 /* Networking.swift */,
				418C134E20F1B89A00AE16C5 /* StartView.swift */,
				41AEB0012112B3B800DF6AE5 /* HostOrJoinViewController.swift */,
				41AEAFFF2112AEDF00DF6AE5 /* HostGameIDView.swift */,
				418C138020F1B9C900AE16C5 /* GameIDTF.swift */,
				418C137E20F1B9A800AE16C5 /* NicknameTFView.swift */,
				417F570C2112BB3000CE6E4A /* PlayerListView.swift */,
				41AEAFF921129BCD00DF6AE5 /* Podfile */,
				41AEAFFA21129BCD00DF6AE5 /* Podfile.lock */,
				41AEAFFB21129BCF00DF6AE5 /* Pods */,
				418C134C20F1B89A00AE16C5 /* AppDelegate.swift */,
				418C138420F1BA2C00AE16C5 /* EnterButton.swift */,
				418C135820F1B89B00AE16C5 /* Info.plist */,
				C456D02B22933A97005599AF /* GoogleService-Info.plist */,
				41B3E04D20F59C8B00E7D232 /* Assets.xcassets */,
				418C138220F1BA0E00AE16C5 /* MapViewController.swift */,
				418C138620F1BA7D00AE16C5 /* Player.swift */,
				C4EEC858227E9A910088CB32 /* Ward.swift */,
				C4C2B3032288C3E600A7D844 /* Ping.swift */,
				7D172FC4228353B400DBEB59 /* PlayerDistanceUtil.swift */,
				C45D3C8E228F44A6002589E3 /* RespawnPoint.swift */,
				41867B73228B8D0300B504EE /* ControlPoint.swift */,
				EB19B1AF22985D1900764485 /* ColorCircleOverlay.swift */,
				C4A8BE5122FA933900FA2A92 /* BorderOverlay.swift */,
			);
			path = RLS;
			sourceTree = "<group>";
		};
		418C136020F1B89B00AE16C5 /* RLSTests */ = {
			isa = PBXGroup;
			children = (
				418C136120F1B89B00AE16C5 /* RLSTests.swift */,
				418C136320F1B89B00AE16C5 /* Info.plist */,
			);
			path = RLSTests;
			sourceTree = "<group>";
		};
		418C136B20F1B89B00AE16C5 /* RLSUITests */ = {
			isa = PBXGroup;
			children = (
				418C136C20F1B89B00AE16C5 /* RLSUITests.swift */,
				418C136E20F1B89B00AE16C5 /* Info.plist */,
			);
			path = RLSUITests;
			sourceTree = "<group>";
		};
		450A04AD23FBEE98FF87EDCB /* Frameworks */ = {
			isa = PBXGroup;
			children = (
				C45B61AF2295FDAC00E4DDEB /* FirebaseFirestore.framework */,
				C45B61A72295EB5200E4DDEB /* FirebaseCore.framework */,
				C45B61A92295EB5200E4DDEB /* FirebaseDatabase.framework */,
				C45B61AB2295EB5200E4DDEB /* FirebaseInstanceID.framework */,
				C45B61AD2295EB5200E4DDEB /* nanopb.framework */,
				C45B61A52295EA5300E4DDEB /* FirebaseCore.framework */,
				BDB0D880FB5B1DA32DC93FE6 /* Pods_RLS.framework */,
				4CD8C69DED8F8FB32199A875 /* Pods_RLSTests.framework */,
				EA1E1B67838E847E6AAD68CE /* Pods_RLSUITests.framework */,
			);
			name = Frameworks;
			sourceTree = "<group>";
		};
/* End PBXGroup section */

/* Begin PBXNativeTarget section */
		418C134820F1B89A00AE16C5 /* RLS */ = {
			isa = PBXNativeTarget;
			buildConfigurationList = 418C137120F1B89B00AE16C5 /* Build configuration list for PBXNativeTarget "RLS" */;
			buildPhases = (
				C6D2D4853BC8115865BE83EF /* [CP] Check Pods Manifest.lock */,
				418C134520F1B89A00AE16C5 /* Sources */,
				418C134620F1B89A00AE16C5 /* Frameworks */,
				418C134720F1B89A00AE16C5 /* Resources */,
				BD547C9340DAA6203CB5B832 /* [CP] Embed Pods Frameworks */,
			);
			buildRules = (
			);
			dependencies = (
			);
			name = RLS;
			productName = RLS;
			productReference = 418C134920F1B89A00AE16C5 /* RLS.app */;
			productType = "com.apple.product-type.application";
		};
		418C135C20F1B89B00AE16C5 /* RLSTests */ = {
			isa = PBXNativeTarget;
			buildConfigurationList = 418C137420F1B89B00AE16C5 /* Build configuration list for PBXNativeTarget "RLSTests" */;
			buildPhases = (
				70FEE2426B574DE552213EA0 /* [CP] Check Pods Manifest.lock */,
				418C135920F1B89B00AE16C5 /* Sources */,
				418C135A20F1B89B00AE16C5 /* Frameworks */,
				418C135B20F1B89B00AE16C5 /* Resources */,
			);
			buildRules = (
			);
			dependencies = (
				418C135F20F1B89B00AE16C5 /* PBXTargetDependency */,
			);
			name = RLSTests;
			productName = RLSTests;
			productReference = 418C135D20F1B89B00AE16C5 /* RLSTests.xctest */;
			productType = "com.apple.product-type.bundle.unit-test";
		};
		418C136720F1B89B00AE16C5 /* RLSUITests */ = {
			isa = PBXNativeTarget;
			buildConfigurationList = 418C137720F1B89B00AE16C5 /* Build configuration list for PBXNativeTarget "RLSUITests" */;
			buildPhases = (
				18B2D977682BF5F26BC9129A /* [CP] Check Pods Manifest.lock */,
				418C136420F1B89B00AE16C5 /* Sources */,
				418C136520F1B89B00AE16C5 /* Frameworks */,
				418C136620F1B89B00AE16C5 /* Resources */,
			);
			buildRules = (
			);
			dependencies = (
				418C136A20F1B89B00AE16C5 /* PBXTargetDependency */,
			);
			name = RLSUITests;
			productName = RLSUITests;
			productReference = 418C136820F1B89B00AE16C5 /* RLSUITests.xctest */;
			productType = "com.apple.product-type.bundle.ui-testing";
		};
/* End PBXNativeTarget section */

/* Begin PBXProject section */
		418C134120F1B89A00AE16C5 /* Project object */ = {
			isa = PBXProject;
			attributes = {
				KnownAssetTags = (
					MapButton,
				);
				LastSwiftUpdateCheck = 0940;
				LastUpgradeCheck = 0940;
				ORGANIZATIONNAME = "Melody Lee";
				TargetAttributes = {
					418C134820F1B89A00AE16C5 = {
						CreatedOnToolsVersion = 9.4.1;
						LastSwiftMigration = 1020;
						SystemCapabilities = {
							com.apple.BackgroundModes = {
								enabled = 1;
							};
							com.apple.InAppPurchase = {
								enabled = 0;
							};
							com.apple.Push = {
								enabled = 0;
							};
						};
					};
					418C135C20F1B89B00AE16C5 = {
						CreatedOnToolsVersion = 9.4.1;
						LastSwiftMigration = 1020;
						TestTargetID = 418C134820F1B89A00AE16C5;
					};
					418C136720F1B89B00AE16C5 = {
						CreatedOnToolsVersion = 9.4.1;
						LastSwiftMigration = 1020;
						TestTargetID = 418C134820F1B89A00AE16C5;
					};
				};
			};
			buildConfigurationList = 418C134420F1B89A00AE16C5 /* Build configuration list for PBXProject "RLS" */;
			compatibilityVersion = "Xcode 9.3";
			developmentRegion = en;
			hasScannedForEncodings = 0;
			knownRegions = (
				en,
				Base,
			);
			mainGroup = 418C134020F1B89A00AE16C5;
			productRefGroup = 418C134A20F1B89A00AE16C5 /* Products */;
			projectDirPath = "";
			projectRoot = "";
			targets = (
				418C134820F1B89A00AE16C5 /* RLS */,
				418C135C20F1B89B00AE16C5 /* RLSTests */,
				418C136720F1B89B00AE16C5 /* RLSUITests */,
			);
		};
/* End PBXProject section */

/* Begin PBXResourcesBuildPhase section */
		418C134720F1B89A00AE16C5 /* Resources */ = {
			isa = PBXResourcesBuildPhase;
			buildActionMask = 2147483647;
			files = (
				41AEAFFC21129BCF00DF6AE5 /* Podfile in Resources */,
				418C135720F1B89B00AE16C5 /* LaunchScreen.storyboard in Resources */,
				41B3E04E20F59C8B00E7D232 /* Assets.xcassets in Resources */,
				418C135220F1B89A00AE16C5 /* Main.storyboard in Resources */,
				41AEAFFD21129BCF00DF6AE5 /* Podfile.lock in Resources */,
				C456D02C22933A97005599AF /* GoogleService-Info.plist in Resources */,
			);
			runOnlyForDeploymentPostprocessing = 0;
		};
		418C135B20F1B89B00AE16C5 /* Resources */ = {
			isa = PBXResourcesBuildPhase;
			buildActionMask = 2147483647;
			files = (
				C456D02D22933A97005599AF /* GoogleService-Info.plist in Resources */,
			);
			runOnlyForDeploymentPostprocessing = 0;
		};
		418C136620F1B89B00AE16C5 /* Resources */ = {
			isa = PBXResourcesBuildPhase;
			buildActionMask = 2147483647;
			files = (
				C456D02E22933A97005599AF /* GoogleService-Info.plist in Resources */,
			);
			runOnlyForDeploymentPostprocessing = 0;
		};
/* End PBXResourcesBuildPhase section */

/* Begin PBXShellScriptBuildPhase section */
		18B2D977682BF5F26BC9129A /* [CP] Check Pods Manifest.lock */ = {
			isa = PBXShellScriptBuildPhase;
			buildActionMask = 2147483647;
			files = (
			);
			inputPaths = (
				"${PODS_PODFILE_DIR_PATH}/Podfile.lock",
				"${PODS_ROOT}/Manifest.lock",
			);
			name = "[CP] Check Pods Manifest.lock";
			outputPaths = (
				"$(DERIVED_FILE_DIR)/Pods-RLSUITests-checkManifestLockResult.txt",
			);
			runOnlyForDeploymentPostprocessing = 0;
			shellPath = /bin/sh;
			shellScript = "diff \"${PODS_PODFILE_DIR_PATH}/Podfile.lock\" \"${PODS_ROOT}/Manifest.lock\" > /dev/null\nif [ $? != 0 ] ; then\n    # print error to STDERR\n    echo \"error: The sandbox is not in sync with the Podfile.lock. Run 'pod install' or update your CocoaPods installation.\" >&2\n    exit 1\nfi\n# This output is used by Xcode 'outputs' to avoid re-running this script phase.\necho \"SUCCESS\" > \"${SCRIPT_OUTPUT_FILE_0}\"\n";
			showEnvVarsInLog = 0;
		};
		70FEE2426B574DE552213EA0 /* [CP] Check Pods Manifest.lock */ = {
			isa = PBXShellScriptBuildPhase;
			buildActionMask = 2147483647;
			files = (
			);
			inputPaths = (
				"${PODS_PODFILE_DIR_PATH}/Podfile.lock",
				"${PODS_ROOT}/Manifest.lock",
			);
			name = "[CP] Check Pods Manifest.lock";
			outputPaths = (
				"$(DERIVED_FILE_DIR)/Pods-RLSTests-checkManifestLockResult.txt",
			);
			runOnlyForDeploymentPostprocessing = 0;
			shellPath = /bin/sh;
			shellScript = "diff \"${PODS_PODFILE_DIR_PATH}/Podfile.lock\" \"${PODS_ROOT}/Manifest.lock\" > /dev/null\nif [ $? != 0 ] ; then\n    # print error to STDERR\n    echo \"error: The sandbox is not in sync with the Podfile.lock. Run 'pod install' or update your CocoaPods installation.\" >&2\n    exit 1\nfi\n# This output is used by Xcode 'outputs' to avoid re-running this script phase.\necho \"SUCCESS\" > \"${SCRIPT_OUTPUT_FILE_0}\"\n";
			showEnvVarsInLog = 0;
		};
		BD547C9340DAA6203CB5B832 /* [CP] Embed Pods Frameworks */ = {
			isa = PBXShellScriptBuildPhase;
			buildActionMask = 2147483647;
			files = (
			);
			inputFileListPaths = (
				"${PODS_ROOT}/Target Support Files/Pods-RLS/Pods-RLS-frameworks-${CONFIGURATION}-input-files.xcfilelist",
			);
			name = "[CP] Embed Pods Frameworks";
			outputFileListPaths = (
				"${PODS_ROOT}/Target Support Files/Pods-RLS/Pods-RLS-frameworks-${CONFIGURATION}-output-files.xcfilelist",
			);
			runOnlyForDeploymentPostprocessing = 0;
			shellPath = /bin/sh;
			shellScript = "\"${PODS_ROOT}/Target Support Files/Pods-RLS/Pods-RLS-frameworks.sh\"\n";
			showEnvVarsInLog = 0;
		};
		C6D2D4853BC8115865BE83EF /* [CP] Check Pods Manifest.lock */ = {
			isa = PBXShellScriptBuildPhase;
			buildActionMask = 2147483647;
			files = (
			);
			inputPaths = (
				"${PODS_PODFILE_DIR_PATH}/Podfile.lock",
				"${PODS_ROOT}/Manifest.lock",
			);
			name = "[CP] Check Pods Manifest.lock";
			outputPaths = (
				"$(DERIVED_FILE_DIR)/Pods-RLS-checkManifestLockResult.txt",
			);
			runOnlyForDeploymentPostprocessing = 0;
			shellPath = /bin/sh;
			shellScript = "diff \"${PODS_PODFILE_DIR_PATH}/Podfile.lock\" \"${PODS_ROOT}/Manifest.lock\" > /dev/null\nif [ $? != 0 ] ; then\n    # print error to STDERR\n    echo \"error: The sandbox is not in sync with the Podfile.lock. Run 'pod install' or update your CocoaPods installation.\" >&2\n    exit 1\nfi\n# This output is used by Xcode 'outputs' to avoid re-running this script phase.\necho \"SUCCESS\" > \"${SCRIPT_OUTPUT_FILE_0}\"\n";
			showEnvVarsInLog = 0;
		};
/* End PBXShellScriptBuildPhase section */

/* Begin PBXSourcesBuildPhase section */
		418C134520F1B89A00AE16C5 /* Sources */ = {
			isa = PBXSourcesBuildPhase;
			buildActionMask = 2147483647;
			files = (
				C4A8BE5222FA933900FA2A92 /* BorderOverlay.swift in Sources */,
				418C138120F1B9C900AE16C5 /* GameIDTF.swift in Sources */,
				418C138320F1BA0E00AE16C5 /* MapViewController.swift in Sources */,
				C4B06AA622A58C7F00421613 /* Networking.swift in Sources */,
				C4C2B3042288C3E600A7D844 /* Ping.swift in Sources */,
				41AEB0002112AEDF00DF6AE5 /* HostGameIDView.swift in Sources */,
				C4EEC859227E9A910088CB32 /* Ward.swift in Sources */,
				41867B74228B8D0300B504EE /* ControlPoint.swift in Sources */,
				EB19B1B022985D1900764485 /* ColorCircleOverlay.swift in Sources */,
				41AEB0022112B3B800DF6AE5 /* HostOrJoinViewController.swift in Sources */,
				C45D3C8F228F44A6002589E3 /* RespawnPoint.swift in Sources */,
				7D172FC5228353B400DBEB59 /* PlayerDistanceUtil.swift in Sources */,
				418C134F20F1B89A00AE16C5 /* StartView.swift in Sources */,
				418C134D20F1B89A00AE16C5 /* AppDelegate.swift in Sources */,
				417F570D2112BB3000CE6E4A /* PlayerListView.swift in Sources */,
				418C138720F1BA7D00AE16C5 /* Player.swift in Sources */,
				418C138520F1BA2C00AE16C5 /* EnterButton.swift in Sources */,
				418C137F20F1B9A800AE16C5 /* NicknameTFView.swift in Sources */,
			);
			runOnlyForDeploymentPostprocessing = 0;
		};
		418C135920F1B89B00AE16C5 /* Sources */ = {
			isa = PBXSourcesBuildPhase;
			buildActionMask = 2147483647;
			files = (
				418C136220F1B89B00AE16C5 /* RLSTests.swift in Sources */,
			);
			runOnlyForDeploymentPostprocessing = 0;
		};
		418C136420F1B89B00AE16C5 /* Sources */ = {
			isa = PBXSourcesBuildPhase;
			buildActionMask = 2147483647;
			files = (
				418C136D20F1B89B00AE16C5 /* RLSUITests.swift in Sources */,
			);
			runOnlyForDeploymentPostprocessing = 0;
		};
/* End PBXSourcesBuildPhase section */

/* Begin PBXTargetDependency section */
		418C135F20F1B89B00AE16C5 /* PBXTargetDependency */ = {
			isa = PBXTargetDependency;
			target = 418C134820F1B89A00AE16C5 /* RLS */;
			targetProxy = 418C135E20F1B89B00AE16C5 /* PBXContainerItemProxy */;
		};
		418C136A20F1B89B00AE16C5 /* PBXTargetDependency */ = {
			isa = PBXTargetDependency;
			target = 418C134820F1B89A00AE16C5 /* RLS */;
			targetProxy = 418C136920F1B89B00AE16C5 /* PBXContainerItemProxy */;
		};
/* End PBXTargetDependency section */

/* Begin PBXVariantGroup section */
		418C135020F1B89A00AE16C5 /* Main.storyboard */ = {
			isa = PBXVariantGroup;
			children = (
				418C135120F1B89A00AE16C5 /* Base */,
			);
			name = Main.storyboard;
			sourceTree = "<group>";
		};
		418C135520F1B89B00AE16C5 /* LaunchScreen.storyboard */ = {
			isa = PBXVariantGroup;
			children = (
				418C135620F1B89B00AE16C5 /* Base */,
			);
			name = LaunchScreen.storyboard;
			sourceTree = "<group>";
		};
/* End PBXVariantGroup section */

/* Begin XCBuildConfiguration section */
		418C136F20F1B89B00AE16C5 /* Debug */ = {
			isa = XCBuildConfiguration;
			buildSettings = {
				ALWAYS_SEARCH_USER_PATHS = NO;
				CLANG_ANALYZER_NONNULL = YES;
				CLANG_ANALYZER_NUMBER_OBJECT_CONVERSION = YES_AGGRESSIVE;
				CLANG_CXX_LANGUAGE_STANDARD = "gnu++14";
				CLANG_CXX_LIBRARY = "libc++";
				CLANG_ENABLE_MODULES = YES;
				CLANG_ENABLE_OBJC_ARC = YES;
				CLANG_ENABLE_OBJC_WEAK = YES;
				CLANG_WARN_BLOCK_CAPTURE_AUTORELEASING = YES;
				CLANG_WARN_BOOL_CONVERSION = YES;
				CLANG_WARN_COMMA = YES;
				CLANG_WARN_CONSTANT_CONVERSION = YES;
				CLANG_WARN_DEPRECATED_OBJC_IMPLEMENTATIONS = YES;
				CLANG_WARN_DIRECT_OBJC_ISA_USAGE = YES_ERROR;
				CLANG_WARN_DOCUMENTATION_COMMENTS = YES;
				CLANG_WARN_EMPTY_BODY = YES;
				CLANG_WARN_ENUM_CONVERSION = YES;
				CLANG_WARN_INFINITE_RECURSION = YES;
				CLANG_WARN_INT_CONVERSION = YES;
				CLANG_WARN_NON_LITERAL_NULL_CONVERSION = YES;
				CLANG_WARN_OBJC_IMPLICIT_RETAIN_SELF = YES;
				CLANG_WARN_OBJC_LITERAL_CONVERSION = YES;
				CLANG_WARN_OBJC_ROOT_CLASS = YES_ERROR;
				CLANG_WARN_RANGE_LOOP_ANALYSIS = YES;
				CLANG_WARN_STRICT_PROTOTYPES = YES;
				CLANG_WARN_SUSPICIOUS_MOVE = YES;
				CLANG_WARN_UNGUARDED_AVAILABILITY = YES_AGGRESSIVE;
				CLANG_WARN_UNREACHABLE_CODE = YES;
				CLANG_WARN__DUPLICATE_METHOD_MATCH = YES;
				CODE_SIGN_IDENTITY = "iPhone Developer";
				COPY_PHASE_STRIP = NO;
				DEBUG_INFORMATION_FORMAT = dwarf;
				ENABLE_STRICT_OBJC_MSGSEND = YES;
				ENABLE_TESTABILITY = YES;
				GCC_C_LANGUAGE_STANDARD = gnu11;
				GCC_DYNAMIC_NO_PIC = NO;
				GCC_NO_COMMON_BLOCKS = YES;
				GCC_OPTIMIZATION_LEVEL = 0;
				GCC_PREPROCESSOR_DEFINITIONS = (
					"DEBUG=1",
					"$(inherited)",
				);
				GCC_WARN_64_TO_32_BIT_CONVERSION = YES;
				GCC_WARN_ABOUT_RETURN_TYPE = YES_ERROR;
				GCC_WARN_UNDECLARED_SELECTOR = YES;
				GCC_WARN_UNINITIALIZED_AUTOS = YES_AGGRESSIVE;
				GCC_WARN_UNUSED_FUNCTION = YES;
				GCC_WARN_UNUSED_VARIABLE = YES;
				IPHONEOS_DEPLOYMENT_TARGET = 11.4;
				MTL_ENABLE_DEBUG_INFO = YES;
				ONLY_ACTIVE_ARCH = YES;
				SDKROOT = iphoneos;
				SWIFT_ACTIVE_COMPILATION_CONDITIONS = DEBUG;
				SWIFT_OPTIMIZATION_LEVEL = "-Onone";
			};
			name = Debug;
		};
		418C137020F1B89B00AE16C5 /* Release */ = {
			isa = XCBuildConfiguration;
			buildSettings = {
				ALWAYS_SEARCH_USER_PATHS = NO;
				CLANG_ANALYZER_NONNULL = YES;
				CLANG_ANALYZER_NUMBER_OBJECT_CONVERSION = YES_AGGRESSIVE;
				CLANG_CXX_LANGUAGE_STANDARD = "gnu++14";
				CLANG_CXX_LIBRARY = "libc++";
				CLANG_ENABLE_MODULES = YES;
				CLANG_ENABLE_OBJC_ARC = YES;
				CLANG_ENABLE_OBJC_WEAK = YES;
				CLANG_WARN_BLOCK_CAPTURE_AUTORELEASING = YES;
				CLANG_WARN_BOOL_CONVERSION = YES;
				CLANG_WARN_COMMA = YES;
				CLANG_WARN_CONSTANT_CONVERSION = YES;
				CLANG_WARN_DEPRECATED_OBJC_IMPLEMENTATIONS = YES;
				CLANG_WARN_DIRECT_OBJC_ISA_USAGE = YES_ERROR;
				CLANG_WARN_DOCUMENTATION_COMMENTS = YES;
				CLANG_WARN_EMPTY_BODY = YES;
				CLANG_WARN_ENUM_CONVERSION = YES;
				CLANG_WARN_INFINITE_RECURSION = YES;
				CLANG_WARN_INT_CONVERSION = YES;
				CLANG_WARN_NON_LITERAL_NULL_CONVERSION = YES;
				CLANG_WARN_OBJC_IMPLICIT_RETAIN_SELF = YES;
				CLANG_WARN_OBJC_LITERAL_CONVERSION = YES;
				CLANG_WARN_OBJC_ROOT_CLASS = YES_ERROR;
				CLANG_WARN_RANGE_LOOP_ANALYSIS = YES;
				CLANG_WARN_STRICT_PROTOTYPES = YES;
				CLANG_WARN_SUSPICIOUS_MOVE = YES;
				CLANG_WARN_UNGUARDED_AVAILABILITY = YES_AGGRESSIVE;
				CLANG_WARN_UNREACHABLE_CODE = YES;
				CLANG_WARN__DUPLICATE_METHOD_MATCH = YES;
				CODE_SIGN_IDENTITY = "iPhone Developer";
				COPY_PHASE_STRIP = NO;
				DEBUG_INFORMATION_FORMAT = "dwarf-with-dsym";
				ENABLE_NS_ASSERTIONS = NO;
				ENABLE_STRICT_OBJC_MSGSEND = YES;
				GCC_C_LANGUAGE_STANDARD = gnu11;
				GCC_NO_COMMON_BLOCKS = YES;
				GCC_WARN_64_TO_32_BIT_CONVERSION = YES;
				GCC_WARN_ABOUT_RETURN_TYPE = YES_ERROR;
				GCC_WARN_UNDECLARED_SELECTOR = YES;
				GCC_WARN_UNINITIALIZED_AUTOS = YES_AGGRESSIVE;
				GCC_WARN_UNUSED_FUNCTION = YES;
				GCC_WARN_UNUSED_VARIABLE = YES;
				IPHONEOS_DEPLOYMENT_TARGET = 11.4;
				MTL_ENABLE_DEBUG_INFO = NO;
				SDKROOT = iphoneos;
				SWIFT_COMPILATION_MODE = wholemodule;
				SWIFT_OPTIMIZATION_LEVEL = "-O";
				VALIDATE_PRODUCT = YES;
			};
			name = Release;
		};
		418C137220F1B89B00AE16C5 /* Debug */ = {
			isa = XCBuildConfiguration;
			baseConfigurationReference = DF770C68C7A54E2277520EA0 /* Pods-RLS.debug.xcconfig */;
			buildSettings = {
				ASSETCATALOG_COMPILER_APPICON_NAME = AppIcon;
				CODE_SIGN_IDENTITY = "iPhone Developer";
				CODE_SIGN_STYLE = Automatic;
				DEVELOPMENT_TEAM = JPY43WAU3K;
				INFOPLIST_FILE = RLS/Info.plist;
				IPHONEOS_DEPLOYMENT_TARGET = 10.3.2;
				LD_RUNPATH_SEARCH_PATHS = (
					"$(inherited)",
					"@executable_path/Frameworks",
				);
				PRODUCT_BUNDLE_IDENTIFIER = com.elegansoft.RLS;
				PRODUCT_NAME = "$(TARGET_NAME)";
				PROVISIONING_PROFILE_SPECIFIER = "";
				SWIFT_VERSION = 4.2;
				TARGETED_DEVICE_FAMILY = "1,2";
			};
			name = Debug;
		};
		418C137320F1B89B00AE16C5 /* Release */ = {
			isa = XCBuildConfiguration;
			baseConfigurationReference = 6FD4B4481C6849C868996249 /* Pods-RLS.release.xcconfig */;
			buildSettings = {
				ASSETCATALOG_COMPILER_APPICON_NAME = AppIcon;
				CODE_SIGN_IDENTITY = "iPhone Developer";
				CODE_SIGN_STYLE = Automatic;
				DEVELOPMENT_TEAM = JPY43WAU3K;
				INFOPLIST_FILE = RLS/Info.plist;
				IPHONEOS_DEPLOYMENT_TARGET = 10.3.2;
				LD_RUNPATH_SEARCH_PATHS = (
					"$(inherited)",
					"@executable_path/Frameworks",
				);
				PRODUCT_BUNDLE_IDENTIFIER = com.elegansoft.RLS;
				PRODUCT_NAME = "$(TARGET_NAME)";
				PROVISIONING_PROFILE_SPECIFIER = "";
				SWIFT_VERSION = 4.2;
				TARGETED_DEVICE_FAMILY = "1,2";
			};
			name = Release;
		};
		418C137520F1B89B00AE16C5 /* Debug */ = {
			isa = XCBuildConfiguration;
			baseConfigurationReference = 0BF4B5F19F6E53416261CE16 /* Pods-RLSTests.debug.xcconfig */;
			buildSettings = {
				ALWAYS_EMBED_SWIFT_STANDARD_LIBRARIES = YES;
				BUNDLE_LOADER = "$(TEST_HOST)";
				CODE_SIGN_STYLE = Automatic;
				DEVELOPMENT_TEAM = C4DN838DRQ;
				INFOPLIST_FILE = RLSTests/Info.plist;
				LD_RUNPATH_SEARCH_PATHS = (
					"$(inherited)",
					"@executable_path/Frameworks",
					"@loader_path/Frameworks",
				);
				PRODUCT_BUNDLE_IDENTIFIER = RLS.RLSTests;
				PRODUCT_NAME = "$(TARGET_NAME)";
				SWIFT_VERSION = 5.0;
				TARGETED_DEVICE_FAMILY = "1,2";
				TEST_HOST = "$(BUILT_PRODUCTS_DIR)/RLS.app/RLS";
			};
			name = Debug;
		};
		418C137620F1B89B00AE16C5 /* Release */ = {
			isa = XCBuildConfiguration;
			baseConfigurationReference = B07169557C838AFFEAD4811A /* Pods-RLSTests.release.xcconfig */;
			buildSettings = {
				ALWAYS_EMBED_SWIFT_STANDARD_LIBRARIES = YES;
				BUNDLE_LOADER = "$(TEST_HOST)";
				CODE_SIGN_STYLE = Automatic;
				DEVELOPMENT_TEAM = C4DN838DRQ;
				INFOPLIST_FILE = RLSTests/Info.plist;
				LD_RUNPATH_SEARCH_PATHS = (
					"$(inherited)",
					"@executable_path/Frameworks",
					"@loader_path/Frameworks",
				);
				PRODUCT_BUNDLE_IDENTIFIER = RLS.RLSTests;
				PRODUCT_NAME = "$(TARGET_NAME)";
				SWIFT_VERSION = 5.0;
				TARGETED_DEVICE_FAMILY = "1,2";
				TEST_HOST = "$(BUILT_PRODUCTS_DIR)/RLS.app/RLS";
			};
			name = Release;
		};
		418C137820F1B89B00AE16C5 /* Debug */ = {
			isa = XCBuildConfiguration;
			baseConfigurationReference = 4B2EA44608C7F3984D0624B7 /* Pods-RLSUITests.debug.xcconfig */;
			buildSettings = {
				ALWAYS_EMBED_SWIFT_STANDARD_LIBRARIES = YES;
				CODE_SIGN_STYLE = Automatic;
				DEVELOPMENT_TEAM = C4DN838DRQ;
				INFOPLIST_FILE = RLSUITests/Info.plist;
				LD_RUNPATH_SEARCH_PATHS = (
					"$(inherited)",
					"@executable_path/Frameworks",
					"@loader_path/Frameworks",
				);
				PRODUCT_BUNDLE_IDENTIFIER = RLS.RLSUITests;
				PRODUCT_NAME = "$(TARGET_NAME)";
				SWIFT_VERSION = 5.0;
				TARGETED_DEVICE_FAMILY = "1,2";
				TEST_TARGET_NAME = RLS;
			};
			name = Debug;
		};
		418C137920F1B89B00AE16C5 /* Release */ = {
			isa = XCBuildConfiguration;
			baseConfigurationReference = BD20F52C6D6CC9A7A53F9DE7 /* Pods-RLSUITests.release.xcconfig */;
			buildSettings = {
				ALWAYS_EMBED_SWIFT_STANDARD_LIBRARIES = YES;
				CODE_SIGN_STYLE = Automatic;
				DEVELOPMENT_TEAM = C4DN838DRQ;
				INFOPLIST_FILE = RLSUITests/Info.plist;
				LD_RUNPATH_SEARCH_PATHS = (
					"$(inherited)",
					"@executable_path/Frameworks",
					"@loader_path/Frameworks",
				);
				PRODUCT_BUNDLE_IDENTIFIER = RLS.RLSUITests;
				PRODUCT_NAME = "$(TARGET_NAME)";
				SWIFT_VERSION = 5.0;
				TARGETED_DEVICE_FAMILY = "1,2";
				TEST_TARGET_NAME = RLS;
			};
			name = Release;
		};
/* End XCBuildConfiguration section */

/* Begin XCConfigurationList section */
		418C134420F1B89A00AE16C5 /* Build configuration list for PBXProject "RLS" */ = {
			isa = XCConfigurationList;
			buildConfigurations = (
				418C136F20F1B89B00AE16C5 /* Debug */,
				418C137020F1B89B00AE16C5 /* Release */,
			);
			defaultConfigurationIsVisible = 0;
			defaultConfigurationName = Release;
		};
		418C137120F1B89B00AE16C5 /* Build configuration list for PBXNativeTarget "RLS" */ = {
			isa = XCConfigurationList;
			buildConfigurations = (
				418C137220F1B89B00AE16C5 /* Debug */,
				418C137320F1B89B00AE16C5 /* Release */,
			);
			defaultConfigurationIsVisible = 0;
			defaultConfigurationName = Release;
		};
		418C137420F1B89B00AE16C5 /* Build configuration list for PBXNativeTarget "RLSTests" */ = {
			isa = XCConfigurationList;
			buildConfigurations = (
				418C137520F1B89B00AE16C5 /* Debug */,
				418C137620F1B89B00AE16C5 /* Release */,
			);
			defaultConfigurationIsVisible = 0;
			defaultConfigurationName = Release;
		};
		418C137720F1B89B00AE16C5 /* Build configuration list for PBXNativeTarget "RLSUITests" */ = {
			isa = XCConfigurationList;
			buildConfigurations = (
				418C137820F1B89B00AE16C5 /* Debug */,
				418C137920F1B89B00AE16C5 /* Release */,
			);
			defaultConfigurationIsVisible = 0;
			defaultConfigurationName = Release;
		};
/* End XCConfigurationList section */
	};
	rootObject = 418C134120F1B89A00AE16C5 /* Project object */;
}
